
Microsoft Visual Studio Solution File, Format Version 12.00
# Visual Studio Version 16
VisualStudioVersion = 16.0.30104.148
MinimumVisualStudioVersion = 10.0.40219.1
Project("{FAE04EC0-301F-11D3-BF4B-00C04F79EFBC}") = "Pharmacy_view", "Pharmacy_api\Pharmacy_view.csproj", "{3AE07F7D-CF20-4FC0-A893-545A34E3B810}"
EndProject
Project("{FAE04EC0-301F-11D3-BF4B-00C04F79EFBC}") = "PharmacyDAL", "PharmacyDL\PharmacyDAL.csproj", "{98F54082-D620-4C64-B9E3-2A9792C9DC07}"
EndProject
Project("{FAE04EC0-301F-11D3-BF4B-00C04F79EFBC}") = "Pharmacy_BL", "Pharmacy_BL\Pharmacy_BL.csproj", "{8B66B991-F713-4B68-B2EA-7DB667FB236D}"
EndProject
Global
	GlobalSection(SolutionConfigurationPlatforms) = preSolution
		Debug|Any CPU = Debug|Any CPU
		Release|Any CPU = Release|Any CPU
	EndGlobalSection
	GlobalSection(ProjectConfigurationPlatforms) = postSolution
		{3AE07F7D-CF20-4FC0-A893-545A34E3B810}.Debug|Any CPU.ActiveCfg = Debug|Any CPU
		{3AE07F7D-CF20-4FC0-A893-545A34E3B810}.Debug|Any CPU.Build.0 = Debug|Any CPU
		{3AE07F7D-CF20-4FC0-A893-545A34E3B810}.Release|Any CPU.ActiveCfg = Release|Any CPU
		{3AE07F7D-CF20-4FC0-A893-545A34E3B810}.Release|Any CPU.Build.0 = Release|Any CPU
		{98F54082-D620-4C64-B9E3-2A9792C9DC07}.Debug|Any CPU.ActiveCfg = Debug|Any CPU
		{98F54082-D620-4C64-B9E3-2A9792C9DC07}.Debug|Any CPU.Build.0 = Debug|Any CPU
		{98F54082-D620-4C64-B9E3-2A9792C9DC07}.Release|Any CPU.ActiveCfg = Release|Any CPU
		{98F54082-D620-4C64-B9E3-2A9792C9DC07}.Release|Any CPU.Build.0 = Release|Any CPU
		{8B66B991-F713-4B68-B2EA-7DB667FB236D}.Debug|Any CPU.ActiveCfg = Debug|Any CPU
		{8B66B991-F713-4B68-B2EA-7DB667FB236D}.Debug|Any CPU.Build.0 = Debug|Any CPU
		{8B66B991-F713-4B68-B2EA-7DB667FB236D}.Release|Any CPU.ActiveCfg = Release|Any CPU
		{8B66B991-F713-4B68-B2EA-7DB667FB236D}.Release|Any CPU.Build.0 = Release|Any CPU
	EndGlobalSection
	GlobalSection(SolutionProperties) = preSolution
		HideSolutionNode = FALSE
	EndGlobalSection
	GlobalSection(ExtensibilityGlobals) = postSolution
		SolutionGuid = {9056E371-A358-413D-880F-840381625F15}
	EndGlobalSection
EndGlobal
